
Microsoft Visual Studio Solution File, Format Version 12.00
# Visual Studio Version 16
VisualStudioVersion = 16.0.29905.134
MinimumVisualStudioVersion = 10.0.40219.1
Project("{FAE04EC0-301F-11D3-BF4B-00C04F79EFBC}") = "Stock.Web", "Stock.Web\Stock.Web.csproj", "{538AE169-F819-4D01-930B-D19618B13B33}"
EndProject
Global
	GlobalSection(SolutionConfigurationPlatforms) = preSolution
		Debug|Any CPU = Debug|Any CPU
		Release|Any CPU = Release|Any CPU
	EndGlobalSection
	GlobalSection(ProjectConfigurationPlatforms) = postSolution
		{538AE169-F819-4D01-930B-D19618B13B33}.Debug|Any CPU.ActiveCfg = Debug|Any CPU
		{538AE169-F819-4D01-930B-D19618B13B33}.Debug|Any CPU.Build.0 = Debug|Any CPU
		{538AE169-F819-4D01-930B-D19618B13B33}.Release|Any CPU.ActiveCfg = Release|Any CPU
		{538AE169-F819-4D01-930B-D19618B13B33}.Release|Any CPU.Build.0 = Release|Any CPU
	EndGlobalSection
	GlobalSection(SolutionProperties) = preSolution
		HideSolutionNode = FALSE
	EndGlobalSection
	GlobalSection(ExtensibilityGlobals) = postSolution
		SolutionGuid = {80DD848D-299C-4F6F-9898-09CC44F9FA8B}
	EndGlobalSection
EndGlobal
